<?xml version="1.0" encoding="utf-8"?>
<Project ToolsVersion="4.0" xmlns="http://schemas.microsoft.com/developer/msbuild/2003">
  <ItemGroup>
    <ClCompile Include="src\Liber_pch.cpp" />
    <ClCompile Include="src\Libero\Engine\Engine.cpp" />
    <ClCompile Include="src\Libero\Graphics\RenderTarget.cpp" />
    <ClCompile Include="src\Libero\Graphics\GraphicsMaster.cpp" />
    <ClCompile Include="src\Libero\Interfaces\ILocator.cpp" />
    <ClCompile Include="src\Libero\Misc\Singleton.cpp" />
    <ClCompile Include="src\Libero\Memory\MemoryMaster.cpp" />
    <ClCompile Include="src\Libero\Memory\Allocators\ILibAllocator.cpp" />
    <ClCompile Include="src\Libero\Memory\Allocators\LibLinearAllocator.cpp" />
    <ClCompile Include="src\Libero\Memory\Allocators\LibPoolAllocator.cpp" />
    <ClCompile Include="src\Libero\Memory\Allocators\LibStackAllocator.cpp" />
    <ClCompile Include="src\Libero\Misc\FamilyTypeID.cpp" />
    <ClCompile Include="src\Libero\Interfaces\Events\IEvent.cpp" />
    <ClCompile Include="src\Libero\Interfaces\Observer\SubjectMaster.cpp" />
    <ClCompile Include="src\Libero\Input\InputMaster.cpp" />
    <ClCompile Include="src\Libero\Entities\GameObject.cpp" />
    <ClCompile Include="src\Libero\Components\MeshRenderComponent.cpp" />
    <ClCompile Include="src\Libero\Time\Time.cpp" />
    <ClCompile Include="src\Libero\Game.cpp" />
    <ClCompile Include="src\Libero\Scene\SceneMaster.cpp" />
    <ClCompile Include="src\Libero\ECS\Core\System.inl" />
    <ClCompile Include="src\Libero\Systems\SysRendering.cpp" />
    <ClCompile Include="src\Libero\Systems\SysTransforms.cpp" />
    <ClCompile Include="src\Libero\Components\CameraComponent.cpp" />
    <ClCompile Include="src\Libero\Graphics\CameraMaster.cpp" />
    <ClCompile Include="src\Libero\Math\LiberoMath.cpp" />
    <ClCompile Include="src\Libero\Components\TransformComponent.cpp" />
    <ClCompile Include="src\Libero\ECS\Core\IComponent.cpp" />
    <ClCompile Include="src\Libero\Settings\Settings.cpp" />
    <ClCompile Include="src\Libero\Systems\SysCameras.cpp" />
    <ClCompile Include="src\Libero\Logging\Logger.cpp" />
    <ClCompile Include="src\Libero\Files\FileMaster.cpp" />
    <ClCompile Include="src\Libero\Graphics\Texture2D.cpp" />
    <ClCompile Include="src\Libero\Components\MeshFilterComponent.cpp" />
    <ClCompile Include="src\Libero\Graphics\Mesh.cpp" />
    <ClCompile Include="src\Libero\Graphics\Materials\MaterialMaster.cpp" />
    <ClCompile Include="src\Libero\Graphics\Materials\Material.cpp" />
    <ClCompile Include="src\Libero\Graphics\Materials\MatDefaultShaded.cpp" />
    <ClCompile Include="src\Libero\Graphics\Skydome\SkyDome.cpp" />
    <ClCompile Include="src\Libero\Components\SkyDomeRenderComponent.cpp" />
    <ClCompile Include="src\Libero\Components\InputComponent.cpp" />
    <ClCompile Include="src\Libero\Systems\SysInput.cpp" />
    <ClCompile Include="src\Libero\Interfaces\Events\MouseEvent.cpp" />
    <ClCompile Include="src\Libero\Editor\ImGui\imgui.cpp" />
    <ClCompile Include="src\Libero\Editor\ImGui\imgui_demo.cpp" />
    <ClCompile Include="src\Libero\Editor\ImGui\imgui_draw.cpp" />
    <ClCompile Include="src\Libero\Editor\ImGui\imgui_impl_dx11.cpp" />
    <ClCompile Include="src\Libero\Editor\ImGui\imgui_impl_win32.cpp" />
    <ClCompile Include="src\Libero\Editor\ImGui\imgui_widgets.cpp" />
    <ClCompile Include="src\Libero\Editor\MyWindows\ImGui_Resources.cpp" />
    <ClCompile Include="src\Libero\Editor\MyWindows\ImGuiWindow.cpp" />
    <ClCompile Include="src\Libero\Editor\MyWindows\MyImGuiWindows.cpp" />
    <ClCompile Include="src\Libero\Editor\Editor.cpp" />
    <ClCompile Include="src\Libero\Editor\MyWindows\ImGui_Inspector.cpp" />
    <ClCompile Include="src\Libero\Editor\MyWindows\ImGui_Hierarchy.cpp" />
    <ClCompile Include="src\Libero\Components\ImageRenderComponent.cpp" />
    <ClCompile Include="src\Libero\Graphics\2DRendering\ImageRenderer.cpp" />
    <ClCompile Include="src\Libero\Editor\MyWindows\ImGui_GameView.cpp" />
    <ClCompile Include="src\Libero\Graphics\Materials\Materials.cpp" />
    <ClCompile Include="src\Libero\Physics\PhysicsMaster.cpp" />
    <ClCompile Include="src\Libero\Graphics\DebugRendering\DebugRenderer.cpp" />
    <ClCompile Include="src\Libero\Components\DirectionLightComponent.cpp" />
    <ClCompile Include="src\Libero\Math\3D\Sphere.cpp" />
    <ClCompile Include="src\Libero\Engine\EngineModules.cpp" />
  </ItemGroup>
  <ItemGroup>
    <ClInclude Include="src\Libero\Game.h" />
    <ClInclude Include="src\Liber_pch.h" />
    <ClInclude Include="src\Libero\Math\LiberoMath.h" />
    <ClInclude Include="src\Libero\Math\Vector.h" />
    <ClInclude Include="src\Libero\Math\Vector2.h" />
    <ClInclude Include="src\Libero\Math\Vector3.h" />
    <ClInclude Include="src\Libero\Math\Vector4.h" />
    <ClInclude Include="src\Libero\Settings\Settings.h" />
    <ClInclude Include="src\Libero\API.h" />
    <ClInclude Include="src\Libero\Engine\Engine.h" />
    <ClInclude Include="src\Libero\Graphics\RenderTarget.h" />
    <ClInclude Include="src\Libero\Graphics\GraphicsMaster.h" />
    <ClInclude Include="src\Libero\Interfaces\ILocator.h" />
    <ClInclude Include="src\Libero\ECS\ECSMaster.h" />
    <ClInclude Include="src\Libero\ECS\Core\IEntity.h" />
    <ClInclude Include="src\Libero\ECS\Core\IComponent.h" />
    <ClInclude Include="src\Libero\ECS\Core\ISystem.h" />
    <ClInclude Include="src\Libero\Misc\Handle.h" />
    <ClInclude Include="src\Libero\ECS\ECSDef.h" />
    <ClInclude Include="src\Libero\ECS\Masters\SystemMaster.h" />
    <ClInclude Include="src\Libero\ECS\Masters\ComponentMaster.h" />
    <ClInclude Include="src\Libero\ECS\Masters\EntityMaster.h" />
    <ClInclude Include="src\Libero\ECS\Masters\Masters.h" />
    <ClInclude Include="src\Libero\Misc\Singleton.h" />
    <ClInclude Include="src\Libero\Memory\MemoryMaster.h" />
    <ClInclude Include="src\Libero\Memory\Allocators\ILibAllocator.h" />
    <ClInclude Include="src\Libero\Memory\Allocators\LibAllocators.h" />
    <ClInclude Include="src\Libero\Memory\Allocators\LibLinearAllocator.h" />
    <ClInclude Include="src\Libero\Memory\Allocators\LibPoolAllocator.h" />
    <ClInclude Include="src\Libero\Memory\Allocators\LibStackAllocator.h" />
    <ClInclude Include="src\Libero\Memory\Allocators\ChunkAllocator\LibChunkAllocator.h" />
    <ClInclude Include="src\Libero\ECS\Core\Component.h" />
    <ClInclude Include="src\Libero\ECS\Core\Entity.h" />
    <ClInclude Include="src\Libero\Misc\FamilyTypeID.h" />
    <ClInclude Include="src\Libero\ECS\Containers\EntityContainer.h" />
    <ClInclude Include="src\Libero\ECS\Core\System.h" />
    <ClInclude Include="src\Libero\Interfaces\Events\IEvent.h" />
    <ClInclude Include="src\Libero\Interfaces\Observer\IObserver.h" />
    <ClInclude Include="src\Libero\Interfaces\Observer\SubjectMaster.h" />
    <ClInclude Include="src\Libero\Interfaces\Events\EventDispatcher.h" />
    <ClInclude Include="src\Libero\Interfaces\Events\MouseEvent.h" />
    <ClInclude Include="src\Libero\Input\InputMaster.h" />
    <ClInclude Include="src\Libero\Interfaces\Events\EngineEvent.h" />
    <ClInclude Include="src\Libero\ECS\Containers\ComponentContainer.h" />
    <ClInclude Include="src\Libero\Entities\GameObject.h" />
    <ClInclude Include="src\Libero\Components\MeshRenderComponent.h" />
    <ClInclude Include="src\Libero\Graphics\Vertex.h" />
    <ClInclude Include="src\Libero\Time\Time.h" />
    <ClInclude Include="src\Libero\Scene\Scene.h" />
    <ClInclude Include="src\Libero\Scene\SceneMaster.h" />
    <ClInclude Include="src\Libero\Systems\SysRendering.h" />
    <ClInclude Include="src\Libero\Systems\SysTransforms.h" />
    <ClInclude Include="src\Libero\Systems\CoreSystems.h" />
    <ClInclude Include="src\Libero\Components\CameraComponent.h" />
    <ClInclude Include="src\Libero\Graphics\CameraMaster.h" />
    <ClInclude Include="src\Libero\Misc\Colors.h" />
    <ClInclude Include="src\Libero\Components\TransformComponent.h" />
    <ClInclude Include="src\Libero\Systems\SysCameras.h" />
    <ClInclude Include="src\Libero\Logging\Logger.h" />
    <ClInclude Include="src\Libero\Interfaces\Events\KeyEvent.h" />
    <ClInclude Include="src\Libero\Content\ContentMaster.h" />
    <ClInclude Include="src\Libero\Content\ILoader.h" />
    <ClInclude Include="src\Libero\Content\Loading.h" />
    <ClInclude Include="src\Libero\Content\MeshLoading.h" />
    <ClInclude Include="src\Libero\Files\FileMaster.h" />
    <ClInclude Include="src\Libero\Content\TextureLoading.h" />
    <ClInclude Include="src\Libero\Graphics\Texture2D.h" />
    <ClInclude Include="src\Libero\Components\MeshFilterComponent.h" />
    <ClInclude Include="src\Libero\Graphics\DXUtils.h" />
    <ClInclude Include="src\Libero\Graphics\Mesh.h" />
    <ClInclude Include="src\Libero\Graphics\Materials\MaterialMaster.h" />
    <ClInclude Include="src\Libero\Graphics\Materials\Material.h" />
    <ClInclude Include="src\Libero\Graphics\Materials\MatDefaultShaded.h" />
    <ClInclude Include="src\Libero\Graphics\Skydome\SkyDome.h" />
    <ClInclude Include="src\Libero\Components\SkyDomeRenderComponent.h" />
    <ClInclude Include="src\Libero\Components\InputComponent.h" />
    <ClInclude Include="src\Libero\Systems\SysInput.h" />
    <ClInclude Include="src\Libero\Editor\ImGui\imconfig.h" />
    <ClInclude Include="src\Libero\Editor\ImGui\imgui.h" />
    <ClInclude Include="src\Libero\Editor\ImGui\imgui_impl_dx11.h" />
    <ClInclude Include="src\Libero\Editor\ImGui\imgui_impl_win32.h" />
    <ClInclude Include="src\Libero\Editor\ImGui\imgui_internal.h" />
    <ClInclude Include="src\Libero\Editor\ImGui\imstb_rectpack.h" />
    <ClInclude Include="src\Libero\Editor\ImGui\imstb_textedit.h" />
    <ClInclude Include="src\Libero\Editor\ImGui\imstb_truetype.h" />
    <ClInclude Include="src\Libero\Editor\MyWindows\ImGui_Resources.h" />
    <ClInclude Include="src\Libero\Editor\MyWindows\ImGuiWindow.h" />
    <ClInclude Include="src\Libero\Editor\MyWindows\MyImGuiWindows.h" />
    <ClInclude Include="src\Libero\Editor\ImGuiStyleLibrary.h" />
    <ClInclude Include="src\Libero\Editor\Editor.h" />
    <ClInclude Include="src\Libero\Misc\LiberoUtils.h" />
    <ClInclude Include="src\Libero\Editor\MyWindows\ImGui_Inspector.h" />
    <ClInclude Include="src\Libero\Editor\MyWindows\ImGui_Hierarchy.h" />
    <ClInclude Include="src\Libero\Components\ImGuiTooltips\ImGui_CompWidget.h" />
    <ClInclude Include="src\Libero\Components\ImageRenderComponent.h" />
    <ClInclude Include="src\Libero\Graphics\2DRendering\ImageRenderer.h" />
    <ClInclude Include="src\Libero\Editor\MyWindows\ImGui_GameView.h" />
    <ClInclude Include="src\Libero\Graphics\Materials\Materials.h" />
    <ClInclude Include="src\Libero\Math\Color\Colors.h" />
    <ClInclude Include="src\Libero\Physics\PhysicsMaster.h" />
    <ClInclude Include="src\Libero\Math\Random.h" />
    <ClInclude Include="src\Libero\Graphics\DebugRendering\DebugRenderer.h" />
    <ClInclude Include="src\Libero\Components\DirectionLightComponent.h" />
    <ClInclude Include="src\Libero\Math\Space\Space.h" />
    <ClInclude Include="src\Libero\Math\2D\2DMath.h" />
    <ClInclude Include="src\Libero\Math\2D\Circle.h" />
    <ClInclude Include="src\Libero\Math\3D\3DMath.h" />
    <ClInclude Include="src\Libero\Math\3D\Sphere.h" />
    <ClInclude Include="src\Libero\Engine\EngineModules.h" />
  </ItemGroup>
  <ItemGroup>
    <None Include="src\Libero\ECS\Core\ISystem.inl" />
    <None Include="src\Libero\ECS\Core\IEntity.inl" />
    <None Include="src\Libero\ECS\Masters\ComponentMaster.inl" />
    <None Include="src\Libero\ECS\Masters\SystemMaster.inl" />
    <None Include="src\Libero\ECS\Masters\EntityMaster.inl" />
    <None Include="src\Libero\ECS\ECSMaster.inl" />
    <None Include="src\Libero\Memory\Allocators\ChunkAllocator\LibChunkAllocator.inl" />
    <None Include="src\Libero\Memory\Allocators\ChunkAllocator\ChunkIterator.inl" />
    <None Include="src\Libero\ECS\Core\Entity.inl" />
    <None Include="src\Libero\ECS\Core\Component.inl" />
    <None Include="src\Libero\Memory\Allocators\ChunkAllocator\Chunk.inl" />
    <None Include="src\Libero\ECS\ECSLocator.inl" />
    <None Include="src\Libero\Scene\Scene.inl" />
    <None Include="src\Libero\Math\2D\Circle.cpp" />
  </ItemGroup>
</Project>